// !$*UTF8*$!
{
	archiveVersion = 1;
	classes = {
	};
	objectVersion = 77;
	objects = {

/* Begin PBXBuildFile section */
		ACC77A682FD37A3C00993982 /* Cocoa.framework in Frameworks */ = {isa = PBXBuildFile; fileRef = ACC77A672FD37A3C00993982 /* Cocoa.framework */; };
		ACC77A702FD37A3C00993982 /* AIUpscalerXPC.pluginkit in Embed PlugIns */ = {isa = PBXBuildFile; fileRef = ACC77A6F2FD37A3C00993982 /* AIUpscalerXPC.pluginkit */; settings = {ATTRIBUTES = (CodeSignOnCopy, ); }; };
		ACC77A742FD37A3C00993982 /* Foundation.framework in Frameworks */ = {isa = PBXBuildFile; fileRef = ACC77A732FD37A3C00993982 /* Foundation.framework */; };
		ACC77A762FD37A3C00993982 /* AppKit.framework in Frameworks */ = {isa = PBXBuildFile; fileRef = ACC77A752FD37A3C00993982 /* AppKit.framework */; };
		ACC77A782FD37A3C00993982 /* Accelerate.framework in Frameworks */ = {isa = PBXBuildFile; fileRef = ACC77A772FD37A3C00993982 /* Accelerate.framework */; };
		ACC77A7A2FD37A3C00993982 /* PluginManager.framework in Frameworks */ = {isa = PBXBuildFile; fileRef = ACC77A792FD37A3C00993982 /* PluginManager.framework */; };
		ACC77A7C2FD37A3C00993982 /* FxPlug.framework in Frameworks */ = {isa = PBXBuildFile; fileRef = ACC77A7B2FD37A3C00993982 /* FxPlug.framework */; };
		BABE00032FD37A3C00993982 /* realesrgan_2x.mlmodelc in Resources */ = {isa = PBXBuildFile; fileRef = BABE00012FD37A3C00993982 /* realesrgan_2x.mlmodelc */; };
		BABE00042FD37A3C00993982 /* realesrgan_4x.mlmodelc in Resources */ = {isa = PBXBuildFile; fileRef = BABE00022FD37A3C00993982 /* realesrgan_4x.mlmodelc */; };
		BABE00052FD37A3C00993982 /* realesrgan_2x.mlmodelc in Resources */ = {isa = PBXBuildFile; fileRef = BABE00012FD37A3C00993982 /* realesrgan_2x.mlmodelc */; };
		BABE00062FD37A3C00993982 /* realesrgan_4x.mlmodelc in Resources */ = {isa = PBXBuildFile; fileRef = BABE00022FD37A3C00993982 /* realesrgan_4x.mlmodelc */; };
		BABE00072FD37A3C00993982 /* realesrgan_2x.mlmodelc in Resources */ = {isa = PBXBuildFile; fileRef = BABE00012FD37A3C00993982 /* realesrgan_2x.mlmodelc */; };
		BABE00082FD37A3C00993982 /* realesrgan_4x.mlmodelc in Resources */ = {isa = PBXBuildFile; fileRef = BABE00022FD37A3C00993982 /* realesrgan_4x.mlmodelc */; };
/* End PBXBuildFile section */

/* Begin PBXContainerItemProxy section */
		ACC77A712FD37A3C00993982 /* PBXContainerItemProxy */ = {
			isa = PBXContainerItemProxy;
			containerPortal = ACC77A5C2FD37A3C00993982 /* Project object */;
			proxyType = 1;
			remoteGlobalIDString = ACC77A6E2FD37A3C00993982;
			remoteInfo = "XPC Service";
		};
		ACC77A7D2FD37A3C00993982 /* PBXContainerItemProxy */ = {
			isa = PBXContainerItemProxy;
			containerPortal = ACC77A5C2FD37A3C00993982 /* Project object */;
			proxyType = 1;
			remoteGlobalIDString = ACC77A6E2FD37A3C00993982;
			remoteInfo = "XPC Service";
		};
		ACC77AE32FD37B7800993982 /* PBXContainerItemProxy */ = {
			isa = PBXContainerItemProxy;
			containerPortal = ACC77A5C2FD37A3C00993982 /* Project object */;
			proxyType = 1;
			remoteGlobalIDString = ACC77A632FD37A3C00993982;
			remoteInfo = "Wrapper Application";
		};
/* End PBXContainerItemProxy section */

/* Begin PBXCopyFilesBuildPhase section */
		ACC77AA52FD37A3C00993982 /* Embed PlugIns */ = {
			isa = PBXCopyFilesBuildPhase;
			buildActionMask = 2147483647;
			dstPath = "";
			dstSubfolderSpec = 13;
			files = (
				ACC77A702FD37A3C00993982 /* AIUpscalerXPC.pluginkit in Embed PlugIns */,
			);
			name = "Embed PlugIns";
			runOnlyForDeploymentPostprocessing = 0;
		};
/* End PBXCopyFilesBuildPhase section */

/* Begin PBXFileReference section */
		ACC77A642FD37A3C00993982 /* AIUpscaler.app */ = {isa = PBXFileReference; explicitFileType = wrapper.application; includeInIndex = 0; path = AIUpscaler.app; sourceTree = BUILT_PRODUCTS_DIR; };
		ACC77A672FD37A3C00993982 /* Cocoa.framework */ = {isa = PBXFileReference; lastKnownFileType = wrapper.framework; name = Cocoa.framework; path = System/Library/Frameworks/Cocoa.framework; sourceTree = SDKROOT; };
		ACC77A6F2FD37A3C00993982 /* AIUpscalerXPC.pluginkit */ = {isa = PBXFileReference; explicitFileType = wrapper.cfbundle; includeInIndex = 0; path = AIUpscalerXPC.pluginkit; sourceTree = BUILT_PRODUCTS_DIR; };
		ACC77A732FD37A3C00993982 /* Foundation.framework */ = {isa = PBXFileReference; lastKnownFileType = wrapper.framework; name = Foundation.framework; path = System/Library/Frameworks/Foundation.framework; sourceTree = SDKROOT; };
		ACC77A752FD37A3C00993982 /* AppKit.framework */ = {isa = PBXFileReference; lastKnownFileType = wrapper.framework; name = AppKit.framework; path = System/Library/Frameworks/AppKit.framework; sourceTree = SDKROOT; };
		ACC77A772FD37A3C00993982 /* Accelerate.framework */ = {isa = PBXFileReference; lastKnownFileType = wrapper.framework; name = Accelerate.framework; path = System/Library/Frameworks/Accelerate.framework; sourceTree = SDKROOT; };
		ACC77A792FD37A3C00993982 /* PluginManager.framework */ = {isa = PBXFileReference; lastKnownFileType = wrapper.framework; name = PluginManager.framework; path = Library/Frameworks/../../../../../../Library/Developer/Frameworks/PluginManager.framework; sourceTree = DEVELOPER_DIR; };
		ACC77A7B2FD37A3C00993982 /* FxPlug.framework */ = {isa = PBXFileReference; lastKnownFileType = wrapper.framework; name = FxPlug.framework; path = Library/Frameworks/../../../../../../Library/Developer/Frameworks/FxPlug.framework; sourceTree = DEVELOPER_DIR; };
		ACC77ADF2FD37B7800993982 /* AIUpscalerTests.xctest */ = {isa = PBXFileReference; explicitFileType = wrapper.cfbundle; includeInIndex = 0; path = AIUpscalerTests.xctest; sourceTree = BUILT_PRODUCTS_DIR; };
		BABE00012FD37A3C00993982 /* realesrgan_2x.mlmodelc */ = {isa = PBXFileReference; lastKnownFileType = folder; name = realesrgan_2x.mlmodelc; path = AIUpscaler/Resources/realesrgan_2x.mlmodelc; sourceTree = SOURCE_ROOT; };
		BABE00022FD37A3C00993982 /* realesrgan_4x.mlmodelc */ = {isa = PBXFileReference; lastKnownFileType = folder; name = realesrgan_4x.mlmodelc; path = AIUpscaler/Resources/realesrgan_4x.mlmodelc; sourceTree = SOURCE_ROOT; };
/* End PBXFileReference section */

/* Begin PBXFileSystemSynchronizedBuildFileExceptionSet section */
		ACC77AA12FD37A3C00993982 /* Exceptions for "AIUpscaler" folder in "Wrapper Application" target */ = {
			isa = PBXFileSystemSynchronizedBuildFileExceptionSet;
			membershipExceptions = (
				"/Localized: Plugin/InfoPlist.strings",
				"/Localized: Plugin/Localizable.strings",
				Plugin/AIUpscalerPlugIn.swift,
				Plugin/Info.plist,
				Plugin/main.swift,
				Plugin/MetalDeviceCache.swift,
				Plugin/TileableRemoteBrightness.metal,
				"Wrapper Application/Info.plist",
			);
			target = ACC77A632FD37A3C00993982 /* Wrapper Application */;
		};
		ACC77AA92FD37A3C00993982 /* Exceptions for "AIUpscaler" folder in "XPC Service" target */ = {
			isa = PBXFileSystemSynchronizedBuildFileExceptionSet;
			membershipExceptions = (
				"/Localized: Wrapper Application/Credits.rtf",
				"/Localized: Wrapper Application/InfoPlist.strings",
				"/Localized: Wrapper Application/MainMenu.xib",
				Plugin/Info.plist,
				"Wrapper Application/AppDelegate.swift",
				"Wrapper Application/Info.plist",
			);
			target = ACC77A6E2FD37A3C00993982 /* XPC Service */;
		};
/* End PBXFileSystemSynchronizedBuildFileExceptionSet section */

/* Begin PBXFileSystemSynchronizedRootGroup section */
		ACC77A7F2FD37A3C00993982 /* AIUpscaler */ = {
			isa = PBXFileSystemSynchronizedRootGroup;
			exceptions = (
				ACC77AA12FD37A3C00993982 /* Exceptions for "AIUpscaler" folder in "Wrapper Application" target */,
				ACC77AA92FD37A3C00993982 /* Exceptions for "AIUpscaler" folder in "XPC Service" target */,
			);
			path = AIUpscaler;
			sourceTree = "<group>";
		};
		ACC77AE02FD37B7800993982 /* AIUpscalerTests */ = {
			isa = PBXFileSystemSynchronizedRootGroup;
			path = AIUpscalerTests;
			sourceTree = "<group>";
		};
/* End PBXFileSystemSynchronizedRootGroup section */

/* Begin PBXFrameworksBuildPhase section */
		ACC77A612FD37A3C00993982 /* Frameworks */ = {
			isa = PBXFrameworksBuildPhase;
			buildActionMask = 2147483647;
			files = (
				ACC77A682FD37A3C00993982 /* Cocoa.framework in Frameworks */,
			);
			runOnlyForDeploymentPostprocessing = 0;
		};
		ACC77A6A2FD37A3C00993982 /* Frameworks */ = {
			isa = PBXFrameworksBuildPhase;
			buildActionMask = 2147483647;
			files = (
				ACC77A782FD37A3C00993982 /* Accelerate.framework in Frameworks */,
				ACC77A7A2FD37A3C00993982 /* PluginManager.framework in Frameworks */,
				ACC77A742FD37A3C00993982 /* Foundation.framework in Frameworks */,
				ACC77A762FD37A3C00993982 /* AppKit.framework in Frameworks */,
				ACC77A7C2FD37A3C00993982 /* FxPlug.framework in Frameworks */,
			);
			runOnlyForDeploymentPostprocessing = 0;
		};
		ACC77ADC2FD37B7800993982 /* Frameworks */ = {
			isa = PBXFrameworksBuildPhase;
			buildActionMask = 2147483647;
			files = (
			);
			runOnlyForDeploymentPostprocessing = 0;
		};
/* End PBXFrameworksBuildPhase section */

/* Begin PBXGroup section */
		ACC77A5B2FD37A3C00993982 = {
			isa = PBXGroup;
			children = (
				ACC77A7F2FD37A3C00993982 /* AIUpscaler */,
				ACC77AE02FD37B7800993982 /* AIUpscalerTests */,
				BABE00012FD37A3C00993982 /* realesrgan_2x.mlmodelc */,
				BABE00022FD37A3C00993982 /* realesrgan_4x.mlmodelc */,
				ACC77A662FD37A3C00993982 /* Frameworks */,
				ACC77A652FD37A3C00993982 /* Products */,
			);
			sourceTree = "<group>";
		};
		ACC77A652FD37A3C00993982 /* Products */ = {
			isa = PBXGroup;
			children = (
				ACC77A642FD37A3C00993982 /* AIUpscaler.app */,
				ACC77A6F2FD37A3C00993982 /* AIUpscalerXPC.pluginkit */,
				ACC77ADF2FD37B7800993982 /* AIUpscalerTests.xctest */,
			);
			name = Products;
			sourceTree = "<group>";
		};
		ACC77A662FD37A3C00993982 /* Frameworks */ = {
			isa = PBXGroup;
			children = (
				ACC77A672FD37A3C00993982 /* Cocoa.framework */,
				ACC77A732FD37A3C00993982 /* Foundation.framework */,
				ACC77A752FD37A3C00993982 /* AppKit.framework */,
				ACC77A772FD37A3C00993982 /* Accelerate.framework */,
				ACC77A792FD37A3C00993982 /* PluginManager.framework */,
				ACC77A7B2FD37A3C00993982 /* FxPlug.framework */,
			);
			name = Frameworks;
			sourceTree = "<group>";
		};
/* End PBXGroup section */

/* Begin PBXNativeTarget section */
		ACC77A632FD37A3C00993982 /* Wrapper Application */ = {
			isa = PBXNativeTarget;
			buildConfigurationList = ACC77AA62FD37A3C00993982 /* Build configuration list for PBXNativeTarget "Wrapper Application" */;
			buildPhases = (
				ACC77A602FD37A3C00993982 /* Sources */,
				ACC77A612FD37A3C00993982 /* Frameworks */,
				ACC77A622FD37A3C00993982 /* Resources */,
				ACC77AA52FD37A3C00993982 /* Embed PlugIns */,
			);
			buildRules = (
			);
			dependencies = (
				ACC77A722FD37A3C00993982 /* PBXTargetDependency */,
				ACC77A7E2FD37A3C00993982 /* PBXTargetDependency */,
			);
			fileSystemSynchronizedGroups = (
				ACC77A7F2FD37A3C00993982 /* AIUpscaler */,
			);
			name = "Wrapper Application";
			packageProductDependencies = (
			);
			productName = "Wrapper Application";
			productReference = ACC77A642FD37A3C00993982 /* AIUpscaler.app */;
			productType = "com.apple.product-type.application";
		};
		ACC77A6E2FD37A3C00993982 /* XPC Service */ = {
			isa = PBXNativeTarget;
			buildConfigurationList = ACC77AA22FD37A3C00993982 /* Build configuration list for PBXNativeTarget "XPC Service" */;
			buildPhases = (
				ACC77A692FD37A3C00993982 /* Sources */,
				ACC77A6A2FD37A3C00993982 /* Frameworks */,
				ACC77A6B2FD37A3C00993982 /* Resources */,
				ACC77A6C2FD37A3C00993982 /* Copy and Code Sign FxPlug.framework */,
				ACC77A6D2FD37A3C00993982 /* Copy and Code Sign PluginManager.framework */,
			);
			buildRules = (
			);
			dependencies = (
			);
			fileSystemSynchronizedGroups = (
				ACC77A7F2FD37A3C00993982 /* AIUpscaler */,
			);
			name = "XPC Service";
			packageProductDependencies = (
			);
			productName = "XPC Service";
			productReference = ACC77A6F2FD37A3C00993982 /* AIUpscalerXPC.pluginkit */;
			productType = "com.apple.product-type.bundle";
		};
		ACC77ADE2FD37B7800993982 /* AIUpscalerTests */ = {
			isa = PBXNativeTarget;
			buildConfigurationList = ACC77AE52FD37B7800993982 /* Build configuration list for PBXNativeTarget "AIUpscalerTests" */;
			buildPhases = (
				ACC77ADB2FD37B7800993982 /* Sources */,
				ACC77ADC2FD37B7800993982 /* Frameworks */,
				ACC77ADD2FD37B7800993982 /* Resources */,
			);
			buildRules = (
			);
			dependencies = (
				ACC77AE42FD37B7800993982 /* PBXTargetDependency */,
			);
			fileSystemSynchronizedGroups = (
				ACC77AE02FD37B7800993982 /* AIUpscalerTests */,
			);
			name = AIUpscalerTests;
			packageProductDependencies = (
			);
			productName = AIUpscalerTests;
			productReference = ACC77ADF2FD37B7800993982 /* AIUpscalerTests.xctest */;
			productType = "com.apple.product-type.bundle.unit-test";
		};
/* End PBXNativeTarget section */

/* Begin PBXProject section */
		ACC77A5C2FD37A3C00993982 /* Project object */ = {
			isa = PBXProject;
			attributes = {
				BuildIndependentTargetsInParallel = 1;
				LastSwiftUpdateCheck = 2640;
				LastUpgradeCheck = 2640;
				TargetAttributes = {
					ACC77A632FD37A3C00993982 = {
						CreatedOnToolsVersion = 26.4.1;
					};
					ACC77A6E2FD37A3C00993982 = {
						CreatedOnToolsVersion = 26.4.1;
					};
					ACC77ADE2FD37B7800993982 = {
						CreatedOnToolsVersion = 26.4.1;
						TestTargetID = ACC77A632FD37A3C00993982;
					};
				};
			};
			buildConfigurationList = ACC77A5F2FD37A3C00993982 /* Build configuration list for PBXProject "AIUpscaler" */;
			developmentRegion = en;
			hasScannedForEncodings = 0;
			knownRegions = (
				en,
				Base,
			);
			mainGroup = ACC77A5B2FD37A3C00993982;
			minimizedProjectReferenceProxies = 1;
			preferredProjectObjectVersion = 77;
			productRefGroup = ACC77A652FD37A3C00993982 /* Products */;
			projectDirPath = "";
			projectRoot = "";
			targets = (
				ACC77A632FD37A3C00993982 /* Wrapper Application */,
				ACC77A6E2FD37A3C00993982 /* XPC Service */,
				ACC77ADE2FD37B7800993982 /* AIUpscalerTests */,
			);
		};
/* End PBXProject section */

/* Begin PBXResourcesBuildPhase section */
		ACC77A622FD37A3C00993982 /* Resources */ = {
			isa = PBXResourcesBuildPhase;
			buildActionMask = 2147483647;
			files = (
				BABE00072FD37A3C00993982 /* realesrgan_2x.mlmodelc in Resources */,
				BABE00082FD37A3C00993982 /* realesrgan_4x.mlmodelc in Resources */,
			);
			runOnlyForDeploymentPostprocessing = 0;
		};
		ACC77A6B2FD37A3C00993982 /* Resources */ = {
			isa = PBXResourcesBuildPhase;
			buildActionMask = 2147483647;
			files = (
				BABE00032FD37A3C00993982 /* realesrgan_2x.mlmodelc in Resources */,
				BABE00042FD37A3C00993982 /* realesrgan_4x.mlmodelc in Resources */,
			);
			runOnlyForDeploymentPostprocessing = 0;
		};
		ACC77ADD2FD37B7800993982 /* Resources */ = {
			isa = PBXResourcesBuildPhase;
			buildActionMask = 2147483647;
			files = (
				BABE00052FD37A3C00993982 /* realesrgan_2x.mlmodelc in Resources */,
				BABE00062FD37A3C00993982 /* realesrgan_4x.mlmodelc in Resources */,
			);
			runOnlyForDeploymentPostprocessing = 0;
		};
/* End PBXResourcesBuildPhase section */

/* Begin PBXShellScriptBuildPhase section */
		ACC77A6C2FD37A3C00993982 /* Copy and Code Sign FxPlug.framework */ = {
			isa = PBXShellScriptBuildPhase;
			buildActionMask = 2147483647;
			files = (
			);
			inputFileListPaths = (
			);
			inputPaths = (
			);
			name = "Copy and Code Sign FxPlug.framework";
			outputFileListPaths = (
			);
			outputPaths = (
			);
			runOnlyForDeploymentPostprocessing = 0;
			shellPath = /bin/sh;
			shellScript = "mkdir -p \"${TARGET_BUILD_DIR}/${FRAMEWORKS_FOLDER_PATH}\"\nrsync --archive --links --whole-file --no-owner --no-group --checksum --exclude='Headers' \"/Library/Developer/Frameworks/FxPlug.framework/\" \"${TARGET_BUILD_DIR}/${FRAMEWORKS_FOLDER_PATH}/FxPlug.framework/\"\nif [ \"$?\" -ne 0 ]; then echo \"error: rsync failed; couldn't embed FxPlug.framework\"; exit 1; fi\ncodesign --force --timestamp=none --options runtime --sign \"${EXPANDED_CODE_SIGN_IDENTITY}\" \"${BUILT_PRODUCTS_DIR}/${FRAMEWORKS_FOLDER_PATH}/FxPlug.framework\"";
			showEnvVarsInLog = 0;
		};
		ACC77A6D2FD37A3C00993982 /* Copy and Code Sign PluginManager.framework */ = {
			isa = PBXShellScriptBuildPhase;
			buildActionMask = 2147483647;
			files = (
			);
			inputFileListPaths = (
			);
			inputPaths = (
			);
			name = "Copy and Code Sign PluginManager.framework";
			outputFileListPaths = (
			);
			outputPaths = (
			);
			runOnlyForDeploymentPostprocessing = 0;
			shellPath = /bin/sh;
			shellScript = "mkdir -p \"${TARGET_BUILD_DIR}/${FRAMEWORKS_FOLDER_PATH}\"\nrsync --archive --links --whole-file --no-owner --no-group --checksum --exclude='Headers' \"/Library/Developer/Frameworks/PluginManager.framework/\" \"${TARGET_BUILD_DIR}/${FRAMEWORKS_FOLDER_PATH}/PluginManager.framework/\"\nif [ \"$?\" -ne 0 ]; then echo \"error: rsync failed; couldn't embed PluginManager.framework\"; exit 1; fi\ncodesign --force --timestamp=none --options runtime --sign \"${EXPANDED_CODE_SIGN_IDENTITY}\" \"${BUILT_PRODUCTS_DIR}/${FRAMEWORKS_FOLDER_PATH}/PluginManager.framework\"\n";
			showEnvVarsInLog = 0;
		};
/* End PBXShellScriptBuildPhase section */

/* Begin PBXSourcesBuildPhase section */
		ACC77A602FD37A3C00993982 /* Sources */ = {
			isa = PBXSourcesBuildPhase;
			buildActionMask = 2147483647;
			files = (
			);
			runOnlyForDeploymentPostprocessing = 0;
		};
		ACC77A692FD37A3C00993982 /* Sources */ = {
			isa = PBXSourcesBuildPhase;
			buildActionMask = 2147483647;
			files = (
			);
			runOnlyForDeploymentPostprocessing = 0;
		};
		ACC77ADB2FD37B7800993982 /* Sources */ = {
			isa = PBXSourcesBuildPhase;
			buildActionMask = 2147483647;
			files = (
			);
			runOnlyForDeploymentPostprocessing = 0;
		};
/* End PBXSourcesBuildPhase section */

/* Begin PBXTargetDependency section */
		ACC77A722FD37A3C00993982 /* PBXTargetDependency */ = {
			isa = PBXTargetDependency;
			target = ACC77A6E2FD37A3C00993982 /* XPC Service */;
			targetProxy = ACC77A712FD37A3C00993982 /* PBXContainerItemProxy */;
		};
		ACC77A7E2FD37A3C00993982 /* PBXTargetDependency */ = {
			isa = PBXTargetDependency;
			target = ACC77A6E2FD37A3C00993982 /* XPC Service */;
			targetProxy = ACC77A7D2FD37A3C00993982 /* PBXContainerItemProxy */;
		};
		ACC77AE42FD37B7800993982 /* PBXTargetDependency */ = {
			isa = PBXTargetDependency;
			target = ACC77A632FD37A3C00993982 /* Wrapper Application */;
			targetProxy = ACC77AE32FD37B7800993982 /* PBXContainerItemProxy */;
		};
/* End PBXTargetDependency section */

/* Begin XCBuildConfiguration section */
		ACC77AA32FD37A3C00993982 /* Debug */ = {
			isa = XCBuildConfiguration;
			buildSettings = {
				CODE_SIGN_ENTITLEMENTS = AIUpscaler/Plugin/XPCService.entitlements;
				CODE_SIGN_STYLE = Automatic;
				DEVELOPMENT_TEAM = XHLUB827PS;
				ENABLE_HARDENED_RUNTIME = YES;
				ENABLE_USER_SCRIPT_SANDBOXING = NO;
				GCC_PRECOMPILE_PREFIX_HEADER = YES;
				INFOPLIST_FILE = AIUpscaler/Plugin/Info.plist;
				LD_RUNPATH_SEARCH_PATHS = (
					"$(inherited)",
					"@loader_path/../Frameworks",
				);
				MACH_O_TYPE = mh_execute;
				MACOSX_DEPLOYMENT_TARGET = 13.5;
				PRODUCT_BUNDLE_IDENTIFIER = info.regismelo.AIUpscaler.XPCService;
				PRODUCT_NAME = AIUpscalerXPC;
				SWIFT_OBJC_BRIDGING_HEADER = "AIUpscaler/Plugin/XPC Service-Bridging-Header.h";
				WRAPPER_EXTENSION = pluginkit;
			};
			name = Debug;
		};
		ACC77AA42FD37A3C00993982 /* Release */ = {
			isa = XCBuildConfiguration;
			buildSettings = {
				CODE_SIGN_ENTITLEMENTS = AIUpscaler/Plugin/XPCService.entitlements;
				CODE_SIGN_STYLE = Automatic;
				DEVELOPMENT_TEAM = XHLUB827PS;
				ENABLE_HARDENED_RUNTIME = YES;
				ENABLE_USER_SCRIPT_SANDBOXING = NO;
				GCC_PRECOMPILE_PREFIX_HEADER = YES;
				INFOPLIST_FILE = AIUpscaler/Plugin/Info.plist;
				LD_RUNPATH_SEARCH_PATHS = (
					"$(inherited)",
					"@loader_path/../Frameworks",
				);
				MACH_O_TYPE = mh_execute;
				MACOSX_DEPLOYMENT_TARGET = 13.5;
				PRODUCT_BUNDLE_IDENTIFIER = info.regismelo.AIUpscaler.XPCService;
				PRODUCT_NAME = AIUpscalerXPC;
				SWIFT_OBJC_BRIDGING_HEADER = "AIUpscaler/Plugin/XPC Service-Bridging-Header.h";
				WRAPPER_EXTENSION = pluginkit;
			};
			name = Release;
		};
		ACC77AA72FD37A3C00993982 /* Debug */ = {
			isa = XCBuildConfiguration;
			buildSettings = {
				CODE_SIGN_ENTITLEMENTS = "AIUpscaler/Wrapper Application/SandboxEntitlements.entitlements";
				CODE_SIGN_STYLE = Automatic;
				DEVELOPMENT_TEAM = XHLUB827PS;
				ENABLE_HARDENED_RUNTIME = YES;
				GCC_PRECOMPILE_PREFIX_HEADER = YES;
				INFOPLIST_FILE = "AIUpscaler/Wrapper Application/Info.plist";
				PRODUCT_BUNDLE_IDENTIFIER = info.regismelo.AIUpscaler;
				PRODUCT_NAME = AIUpscaler;
				SWIFT_APPROACHABLE_CONCURRENCY = YES;
				SWIFT_OBJC_BRIDGING_HEADER = "AIUpscaler/Wrapper Application/Wrapper Application-Bridging-Header.h";
				SWIFT_UPCOMING_FEATURE_MEMBER_IMPORT_VISIBILITY = YES;
				SWIFT_VERSION = 5.0;
			};
			name = Debug;
		};
		ACC77AA82FD37A3C00993982 /* Release */ = {
			isa = XCBuildConfiguration;
			buildSettings = {
				CODE_SIGN_ENTITLEMENTS = "AIUpscaler/Wrapper Application/SandboxEntitlements.entitlements";
				CODE_SIGN_STYLE = Automatic;
				DEVELOPMENT_TEAM = XHLUB827PS;
				ENABLE_HARDENED_RUNTIME = YES;
				GCC_PRECOMPILE_PREFIX_HEADER = YES;
				INFOPLIST_FILE = "AIUpscaler/Wrapper Application/Info.plist";
				PRODUCT_BUNDLE_IDENTIFIER = info.regismelo.AIUpscaler;
				PRODUCT_NAME = AIUpscaler;
				SWIFT_APPROACHABLE_CONCURRENCY = YES;
				SWIFT_OBJC_BRIDGING_HEADER = "AIUpscaler/Wrapper Application/Wrapper Application-Bridging-Header.h";
				SWIFT_UPCOMING_FEATURE_MEMBER_IMPORT_VISIBILITY = YES;
				SWIFT_VERSION = 5.0;
			};
			name = Release;
		};
		ACC77AAA2FD37A3C00993982 /* Debug */ = {
			isa = XCBuildConfiguration;
			buildSettings = {
				ADDITIONAL_SDKS = /Library/Developer/SDKs/FxPlug.sdk;
				ALWAYS_SEARCH_USER_PATHS = NO;
				ARCHS = arm64;
				ASSETCATALOG_COMPILER_GENERATE_SWIFT_ASSET_SYMBOL_EXTENSIONS = YES;
				CLANG_ANALYZER_NONNULL = YES;
				CLANG_ANALYZER_NUMBER_OBJECT_CONVERSION = YES_AGGRESSIVE;
				CLANG_CXX_LANGUAGE_STANDARD = "gnu++20";
				CLANG_ENABLE_MODULES = YES;
				CLANG_ENABLE_OBJC_ARC = NO;
				CLANG_ENABLE_OBJC_WEAK = YES;
				CLANG_WARN_BLOCK_CAPTURE_AUTORELEASING = YES;
				CLANG_WARN_BOOL_CONVERSION = YES;
				CLANG_WARN_COMMA = YES;
				CLANG_WARN_CONSTANT_CONVERSION = YES;
				CLANG_WARN_DEPRECATED_OBJC_IMPLEMENTATIONS = YES;
				CLANG_WARN_DIRECT_OBJC_ISA_USAGE = YES_ERROR;
				CLANG_WARN_DOCUMENTATION_COMMENTS = YES;
				CLANG_WARN_EMPTY_BODY = YES;
				CLANG_WARN_ENUM_CONVERSION = YES;
				CLANG_WARN_INFINITE_RECURSION = YES;
				CLANG_WARN_INT_CONVERSION = YES;
				CLANG_WARN_NON_LITERAL_NULL_CONVERSION = YES;
				CLANG_WARN_OBJC_IMPLICIT_RETAIN_SELF = YES;
				CLANG_WARN_OBJC_LITERAL_CONVERSION = YES;
				CLANG_WARN_OBJC_ROOT_CLASS = YES_ERROR;
				CLANG_WARN_QUOTED_INCLUDE_IN_FRAMEWORK_HEADER = YES;
				CLANG_WARN_RANGE_LOOP_ANALYSIS = YES;
				CLANG_WARN_STRICT_PROTOTYPES = YES;
				CLANG_WARN_SUSPICIOUS_MOVE = YES;
				CLANG_WARN_UNGUARDED_AVAILABILITY = YES_AGGRESSIVE;
				CLANG_WARN_UNREACHABLE_CODE = YES;
				CLANG_WARN__DUPLICATE_METHOD_MATCH = YES;
				COPY_PHASE_STRIP = NO;
				DEBUG_INFORMATION_FORMAT = dwarf;
				DEVELOPMENT_TEAM = XHLUB827PS;
				ENABLE_STRICT_OBJC_MSGSEND = YES;
				ENABLE_TESTABILITY = YES;
				ENABLE_USER_SCRIPT_SANDBOXING = YES;
				EXCLUDED_ARCHS = x86_64;
				FRAMEWORK_SEARCH_PATHS = (
					/Library/Frameworks,
					"$(inherited)",
				);
				GCC_C_LANGUAGE_STANDARD = gnu17;
				GCC_DYNAMIC_NO_PIC = NO;
				GCC_ENABLE_OBJC_EXCEPTIONS = YES;
				GCC_NO_COMMON_BLOCKS = YES;
				GCC_OPTIMIZATION_LEVEL = 0;
				GCC_PREPROCESSOR_DEFINITIONS = (
					"DEBUG=1",
					"$(inherited)",
				);
				GCC_WARN_64_TO_32_BIT_CONVERSION = YES;
				GCC_WARN_ABOUT_RETURN_TYPE = YES_ERROR;
				GCC_WARN_UNDECLARED_SELECTOR = YES;
				GCC_WARN_UNINITIALIZED_AUTOS = YES_AGGRESSIVE;
				GCC_WARN_UNUSED_FUNCTION = YES;
				GCC_WARN_UNUSED_VARIABLE = YES;
				LOCALIZATION_PREFERS_STRING_CATALOGS = YES;
				MACOSX_DEPLOYMENT_TARGET = 13.5;
				MTL_ENABLE_DEBUG_INFO = INCLUDE_SOURCE;
				MTL_FAST_MATH = YES;
				ONLY_ACTIVE_ARCH = YES;
				SDKROOT = macosx;
				SWIFT_ACTIVE_COMPILATION_CONDITIONS = "DEBUG $(inherited)";
				SWIFT_OPTIMIZATION_LEVEL = "-Onone";
				SWIFT_VERSION = 5;
			};
			name = Debug;
		};
		ACC77AAB2FD37A3C00993982 /* Release */ = {
			isa = XCBuildConfiguration;
			buildSettings = {
				ADDITIONAL_SDKS = /Library/Developer/SDKs/FxPlug.sdk;
				ALWAYS_SEARCH_USER_PATHS = NO;
				ARCHS = arm64;
				ASSETCATALOG_COMPILER_GENERATE_SWIFT_ASSET_SYMBOL_EXTENSIONS = YES;
				CLANG_ANALYZER_NONNULL = YES;
				CLANG_ANALYZER_NUMBER_OBJECT_CONVERSION = YES_AGGRESSIVE;
				CLANG_CXX_LANGUAGE_STANDARD = "gnu++20";
				CLANG_ENABLE_MODULES = YES;
				CLANG_ENABLE_OBJC_ARC = NO;
				CLANG_ENABLE_OBJC_WEAK = YES;
				CLANG_WARN_BLOCK_CAPTURE_AUTORELEASING = YES;
				CLANG_WARN_BOOL_CONVERSION = YES;
				CLANG_WARN_COMMA = YES;
				CLANG_WARN_CONSTANT_CONVERSION = YES;
				CLANG_WARN_DEPRECATED_OBJC_IMPLEMENTATIONS = YES;
				CLANG_WARN_DIRECT_OBJC_ISA_USAGE = YES_ERROR;
				CLANG_WARN_DOCUMENTATION_COMMENTS = YES;
				CLANG_WARN_EMPTY_BODY = YES;
				CLANG_WARN_ENUM_CONVERSION = YES;
				CLANG_WARN_INFINITE_RECURSION = YES;
				CLANG_WARN_INT_CONVERSION = YES;
				CLANG_WARN_NON_LITERAL_NULL_CONVERSION = YES;
				CLANG_WARN_OBJC_IMPLICIT_RETAIN_SELF = YES;
				CLANG_WARN_OBJC_LITERAL_CONVERSION = YES;
				CLANG_WARN_OBJC_ROOT_CLASS = YES_ERROR;
				CLANG_WARN_QUOTED_INCLUDE_IN_FRAMEWORK_HEADER = YES;
				CLANG_WARN_RANGE_LOOP_ANALYSIS = YES;
				CLANG_WARN_STRICT_PROTOTYPES = YES;
				CLANG_WARN_SUSPICIOUS_MOVE = YES;
				CLANG_WARN_UNGUARDED_AVAILABILITY = YES_AGGRESSIVE;
				CLANG_WARN_UNREACHABLE_CODE = YES;
				CLANG_WARN__DUPLICATE_METHOD_MATCH = YES;
				COPY_PHASE_STRIP = NO;
				DEBUG_INFORMATION_FORMAT = "dwarf-with-dsym";
				DEVELOPMENT_TEAM = XHLUB827PS;
				ENABLE_NS_ASSERTIONS = NO;
				ENABLE_STRICT_OBJC_MSGSEND = YES;
				ENABLE_USER_SCRIPT_SANDBOXING = YES;
				EXCLUDED_ARCHS = x86_64;
				FRAMEWORK_SEARCH_PATHS = (
					/Library/Frameworks,
					"$(inherited)",
				);
				GCC_C_LANGUAGE_STANDARD = gnu17;
				GCC_ENABLE_OBJC_EXCEPTIONS = YES;
				GCC_NO_COMMON_BLOCKS = YES;
				GCC_WARN_64_TO_32_BIT_CONVERSION = YES;
				GCC_WARN_ABOUT_RETURN_TYPE = YES_ERROR;
				GCC_WARN_UNDECLARED_SELECTOR = YES;
				GCC_WARN_UNINITIALIZED_AUTOS = YES_AGGRESSIVE;
				GCC_WARN_UNUSED_FUNCTION = YES;
				GCC_WARN_UNUSED_VARIABLE = YES;
				LOCALIZATION_PREFERS_STRING_CATALOGS = YES;
				MACOSX_DEPLOYMENT_TARGET = 13.5;
				MTL_ENABLE_DEBUG_INFO = NO;
				MTL_FAST_MATH = YES;
				SDKROOT = macosx;
				SWIFT_COMPILATION_MODE = wholemodule;
				SWIFT_VERSION = 5;
			};
			name = Release;
		};
		ACC77AE62FD37B7800993982 /* Debug */ = {
			isa = XCBuildConfiguration;
			buildSettings = {
				BUNDLE_LOADER = "$(TEST_HOST)";
				CLANG_ENABLE_OBJC_ARC = YES;
				CODE_SIGN_STYLE = Automatic;
				CURRENT_PROJECT_VERSION = 1;
				DEVELOPMENT_TEAM = XHLUB827PS;
				GENERATE_INFOPLIST_FILE = YES;
				MACOSX_DEPLOYMENT_TARGET = 13.5;
				MARKETING_VERSION = 1.0;
				PRODUCT_BUNDLE_IDENTIFIER = info.regismelo.AIUpscalerTests;
				PRODUCT_NAME = "$(TARGET_NAME)";
				STRING_CATALOG_GENERATE_SYMBOLS = NO;
				SWIFT_APPROACHABLE_CONCURRENCY = YES;
				SWIFT_EMIT_LOC_STRINGS = NO;
				SWIFT_UPCOMING_FEATURE_MEMBER_IMPORT_VISIBILITY = YES;
				SWIFT_VERSION = 5.0;
				TEST_HOST = "$(BUILT_PRODUCTS_DIR)/AIUpscaler.app/$(BUNDLE_EXECUTABLE_FOLDER_PATH)/AIUpscaler";
			};
			name = Debug;
		};
		ACC77AE72FD37B7800993982 /* Release */ = {
			isa = XCBuildConfiguration;
			buildSettings = {
				BUNDLE_LOADER = "$(TEST_HOST)";
				CLANG_ENABLE_OBJC_ARC = YES;
				CODE_SIGN_STYLE = Automatic;
				CURRENT_PROJECT_VERSION = 1;
				DEVELOPMENT_TEAM = XHLUB827PS;
				GENERATE_INFOPLIST_FILE = YES;
				MACOSX_DEPLOYMENT_TARGET = 13.5;
				MARKETING_VERSION = 1.0;
				PRODUCT_BUNDLE_IDENTIFIER = info.regismelo.AIUpscalerTests;
				PRODUCT_NAME = "$(TARGET_NAME)";
				STRING_CATALOG_GENERATE_SYMBOLS = NO;
				SWIFT_APPROACHABLE_CONCURRENCY = YES;
				SWIFT_EMIT_LOC_STRINGS = NO;
				SWIFT_UPCOMING_FEATURE_MEMBER_IMPORT_VISIBILITY = YES;
				SWIFT_VERSION = 5.0;
				TEST_HOST = "$(BUILT_PRODUCTS_DIR)/AIUpscaler.app/$(BUNDLE_EXECUTABLE_FOLDER_PATH)/AIUpscaler";
			};
			name = Release;
		};
/* End XCBuildConfiguration section */

/* Begin XCConfigurationList section */
		ACC77A5F2FD37A3C00993982 /* Build configuration list for PBXProject "AIUpscaler" */ = {
			isa = XCConfigurationList;
			buildConfigurations = (
				ACC77AAA2FD37A3C00993982 /* Debug */,
				ACC77AAB2FD37A3C00993982 /* Release */,
			);
			defaultConfigurationIsVisible = 0;
			defaultConfigurationName = Release;
		};
		ACC77AA22FD37A3C00993982 /* Build configuration list for PBXNativeTarget "XPC Service" */ = {
			isa = XCConfigurationList;
			buildConfigurations = (
				ACC77AA32FD37A3C00993982 /* Debug */,
				ACC77AA42FD37A3C00993982 /* Release */,
			);
			defaultConfigurationIsVisible = 0;
			defaultConfigurationName = Release;
		};
		ACC77AA62FD37A3C00993982 /* Build configuration list for PBXNativeTarget "Wrapper Application" */ = {
			isa = XCConfigurationList;
			buildConfigurations = (
				ACC77AA72FD37A3C00993982 /* Debug */,
				ACC77AA82FD37A3C00993982 /* Release */,
			);
			defaultConfigurationIsVisible = 0;
			defaultConfigurationName = Release;
		};
		ACC77AE52FD37B7800993982 /* Build configuration list for PBXNativeTarget "AIUpscalerTests" */ = {
			isa = XCConfigurationList;
			buildConfigurations = (
				ACC77AE62FD37B7800993982 /* Debug */,
				ACC77AE72FD37B7800993982 /* Release */,
			);
			defaultConfigurationIsVisible = 0;
			defaultConfigurationName = Release;
		};
/* End XCConfigurationList section */
	};
	rootObject = ACC77A5C2FD37A3C00993982 /* Project object */;
}
